
Microsoft Visual Studio Solution File, Format Version 12.00
# Visual Studio Version 16
VisualStudioVersion = 16.0.28803.452
MinimumVisualStudioVersion = 10.0.40219.1
Project("{FAE04EC0-301F-11D3-BF4B-00C04F79EFBC}") = "DFC.Composite.Shell.Moc.OneCol", "DFC.Composite.Shell.Moc.OneCol\DFC.Composite.Shell.Moc.OneCol.csproj", "{2322CD30-97A4-49B7-AFB9-F5AABA258E11}"
EndProject
Global
	GlobalSection(SolutionConfigurationPlatforms) = preSolution
		Debug|Any CPU = Debug|Any CPU
		Release|Any CPU = Release|Any CPU
	EndGlobalSection
	GlobalSection(ProjectConfigurationPlatforms) = postSolution
		{2322CD30-97A4-49B7-AFB9-F5AABA258E11}.Debug|Any CPU.ActiveCfg = Debug|Any CPU
		{2322CD30-97A4-49B7-AFB9-F5AABA258E11}.Debug|Any CPU.Build.0 = Debug|Any CPU
		{2322CD30-97A4-49B7-AFB9-F5AABA258E11}.Release|Any CPU.ActiveCfg = Release|Any CPU
		{2322CD30-97A4-49B7-AFB9-F5AABA258E11}.Release|Any CPU.Build.0 = Release|Any CPU
	EndGlobalSection
	GlobalSection(SolutionProperties) = preSolution
		HideSolutionNode = FALSE
	EndGlobalSection
	GlobalSection(ExtensibilityGlobals) = postSolution
		SolutionGuid = {EC1B4D66-AEEB-4096-B90B-9CCBE0BD92B0}
	EndGlobalSection
EndGlobal
